<?xml version="1.0" encoding="utf-8"?>
<Project ToolsVersion="4.0" xmlns="http://schemas.microsoft.com/developer/msbuild/2003">
  <ItemGroup>
    <Filter Include="Quellcodedateien">
      <UniqueIdentifier>{88b43f4b-7955-4603-8c06-316cf2dcbb6d}</UniqueIdentifier>
      <Extensions>cpp;c;cxx;rc;def;r;odl;idl;hpj;bat</Extensions>
    </Filter>
    <Filter Include="Header-Dateien">
      <UniqueIdentifier>{c295eff5-8c01-46f8-9f16-12b64ba683f4}</UniqueIdentifier>
      <Extensions>h;hpp;hxx;hm;inl</Extensions>
    </Filter>
    <Filter Include="Ressourcendateien">
      <UniqueIdentifier>{44d55f73-0c64-49a6-89e7-1ffedcb680f3}</UniqueIdentifier>
      <Extensions>ico;cur;bmp;dlg;rc2;rct;bin;rgs;gif;jpg;jpeg;jpe</Extensions>
    </Filter>
  </ItemGroup>
  <ItemGroup>
    <ClCompile Include="asyncio.cpp">
      <Filter>Quellcodedateien</Filter>
    </ClCompile>
    <ClCompile Include="kaxdemux.cpp">
      <Filter>Quellcodedateien</Filter>
    </ClCompile>
    <ClCompile Include="kaxinpin.cpp">
      <Filter>Quellcodedateien</Filter>
    </ClCompile>
    <ClCompile Include="kaxoutpin.cpp">
      <Filter>Quellcodedateien</Filter>
    </ClCompile>
    <ClCompile Include="MatroskaReader.cpp">
      <Filter>Quellcodedateien</Filter>
    </ClCompile>
  </ItemGroup>
  <ItemGroup>
    <ResourceCompile Include="kaxdemux.RC">
      <Filter>Quellcodedateien</Filter>
    </ResourceCompile>
  </ItemGroup>
  <ItemGroup>
    <ClInclude Include="asyncio.h">
      <Filter>Header-Dateien</Filter>
    </ClInclude>
    <ClInclude Include="codecs.h">
      <Filter>Header-Dateien</Filter>
    </ClInclude>
    <ClInclude Include="global.h">
      <Filter>Header-Dateien</Filter>
    </ClInclude>
    <ClInclude Include="kaxdemux.h">
      <Filter>Header-Dateien</Filter>
    </ClInclude>
    <ClInclude Include="kaxinpin.h">
      <Filter>Header-Dateien</Filter>
    </ClInclude>
    <ClInclude Include="kaxoutpin.h">
      <Filter>Header-Dateien</Filter>
    </ClInclude>
    <ClInclude Include="MatroskaReader.h">
      <Filter>Header-Dateien</Filter>
    </ClInclude>
    <ClInclude Include="OggDS.h">
      <Filter>Header-Dateien</Filter>
    </ClInclude>
    <ClInclude Include="resource.h">
      <Filter>Header-Dateien</Filter>
    </ClInclude>
  </ItemGroup>
  <ItemGroup>
    <CustomBuild Include="kaxdemux.DEF">
      <Filter>Quellcodedateien</Filter>
    </CustomBuild>
  </ItemGroup>
</Project>